Microsoft Visual Studio Solution File, Format Version 12.00
# Visual Studio Version 17
VisualStudioVersion = 17.5.2.0
MinimumVisualStudioVersion = 10.0.40219.1
Project("{FAE04EC0-301F-11D3-BF4B-00C04F79EFBC}") = "NrgId.EnJson.Translations", "NrgId.EnJson.Translations.csproj", "{C1BADFF0-413D-B399-3B58-FFA7E090A636}"
EndProject
Global
	GlobalSection(SolutionConfigurationPlatforms) = preSolution
		Debug|Any CPU = Debug|Any CPU
		Release|Any CPU = Release|Any CPU
	EndGlobalSection
	GlobalSection(ProjectConfigurationPlatforms) = postSolution
		{C1BADFF0-413D-B399-3B58-FFA7E090A636}.Debug|Any CPU.ActiveCfg = Debug|Any CPU
		{C1BADFF0-413D-B399-3B58-FFA7E090A636}.Debug|Any CPU.Build.0 = Debug|Any CPU
		{C1BADFF0-413D-B399-3B58-FFA7E090A636}.Release|Any CPU.ActiveCfg = Release|Any CPU
		{C1BADFF0-413D-B399-3B58-FFA7E090A636}.Release|Any CPU.Build.0 = Release|Any CPU
	EndGlobalSection
	GlobalSection(SolutionProperties) = preSolution
		HideSolutionNode = FALSE
	EndGlobalSection
	GlobalSection(ExtensibilityGlobals) = postSolution
		SolutionGuid = {53447918-A663-44EF-A3DB-E8F2C7C7AD50}
	EndGlobalSection
EndGlobal
